
Microsoft Visual Studio Solution File, Format Version 12.00
# Visual Studio 15
VisualStudioVersion = 15.0.28307.168
MinimumVisualStudioVersion = 10.0.40219.1
Project("{9A19103F-16F7-4668-BE54-9A1E7A4F7556}") = "AvaloniaApplication1", "AvaloniaApplication1\AvaloniaApplication1.csproj", "{3582CCE7-CC7C-43D8-BC59-72267D1A09EE}"
EndProject
Project("{9A19103F-16F7-4668-BE54-9A1E7A4F7556}") = "Avalonia.DataGrid", "Avalonia.DataGrid\Avalonia.DataGrid.csproj", "{A461F77E-556F-4834-85B8-CAF7C0BE65C2}"
EndProject
Global
	GlobalSection(SolutionConfigurationPlatforms) = preSolution
		Debug|Any CPU = Debug|Any CPU
		Release|Any CPU = Release|Any CPU
	EndGlobalSection
	GlobalSection(ProjectConfigurationPlatforms) = postSolution
		{3582CCE7-CC7C-43D8-BC59-72267D1A09EE}.Debug|Any CPU.ActiveCfg = Debug|Any CPU
		{3582CCE7-CC7C-43D8-BC59-72267D1A09EE}.Debug|Any CPU.Build.0 = Debug|Any CPU
		{3582CCE7-CC7C-43D8-BC59-72267D1A09EE}.Release|Any CPU.ActiveCfg = Release|Any CPU
		{3582CCE7-CC7C-43D8-BC59-72267D1A09EE}.Release|Any CPU.Build.0 = Release|Any CPU
		{A461F77E-556F-4834-85B8-CAF7C0BE65C2}.Debug|Any CPU.ActiveCfg = Debug|Any CPU
		{A461F77E-556F-4834-85B8-CAF7C0BE65C2}.Debug|Any CPU.Build.0 = Debug|Any CPU
		{A461F77E-556F-4834-85B8-CAF7C0BE65C2}.Release|Any CPU.ActiveCfg = Release|Any CPU
		{A461F77E-556F-4834-85B8-CAF7C0BE65C2}.Release|Any CPU.Build.0 = Release|Any CPU
	EndGlobalSection
	GlobalSection(SolutionProperties) = preSolution
		HideSolutionNode = FALSE
	EndGlobalSection
	GlobalSection(ExtensibilityGlobals) = postSolution
		SolutionGuid = {27C693C6-E615-439C-A526-AD7734E3FE13}
	EndGlobalSection
EndGlobal
