
Microsoft Visual Studio Solution File, Format Version 12.00
# Visual Studio Version 16
VisualStudioVersion = 16.0.28711.60
MinimumVisualStudioVersion = 10.0.40219.1
Project("{9A19103F-16F7-4668-BE54-9A1E7A4F7556}") = "AvaloniaApplication1", "AvaloniaApplication1\AvaloniaApplication1.csproj", "{3582CCE7-CC7C-43D8-BC59-72267D1A09EE}"
EndProject
Project("{FAE04EC0-301F-11D3-BF4B-00C04F79EFBC}") = "WindowsUsbWatcher", "WindowsUsbWatcher\WindowsUsbWatcher.csproj", "{7537B3FF-C739-4F66-A092-C9C983F208A8}"
EndProject
Global
	GlobalSection(SolutionConfigurationPlatforms) = preSolution
		Debug|Any CPU = Debug|Any CPU
		Release|Any CPU = Release|Any CPU
	EndGlobalSection
	GlobalSection(ProjectConfigurationPlatforms) = postSolution
		{3582CCE7-CC7C-43D8-BC59-72267D1A09EE}.Debug|Any CPU.ActiveCfg = Debug|Any CPU
		{3582CCE7-CC7C-43D8-BC59-72267D1A09EE}.Debug|Any CPU.Build.0 = Debug|Any CPU
		{3582CCE7-CC7C-43D8-BC59-72267D1A09EE}.Release|Any CPU.ActiveCfg = Release|Any CPU
		{3582CCE7-CC7C-43D8-BC59-72267D1A09EE}.Release|Any CPU.Build.0 = Release|Any CPU
		{7537B3FF-C739-4F66-A092-C9C983F208A8}.Debug|Any CPU.ActiveCfg = Debug|Any CPU
		{7537B3FF-C739-4F66-A092-C9C983F208A8}.Debug|Any CPU.Build.0 = Debug|Any CPU
		{7537B3FF-C739-4F66-A092-C9C983F208A8}.Release|Any CPU.ActiveCfg = Release|Any CPU
		{7537B3FF-C739-4F66-A092-C9C983F208A8}.Release|Any CPU.Build.0 = Release|Any CPU
	EndGlobalSection
	GlobalSection(SolutionProperties) = preSolution
		HideSolutionNode = FALSE
	EndGlobalSection
	GlobalSection(ExtensibilityGlobals) = postSolution
		SolutionGuid = {27C693C6-E615-439C-A526-AD7734E3FE13}
	EndGlobalSection
EndGlobal
